// !$*UTF8*$!
{
	archiveVersion = 1;
	classes = {
	};
	objectVersion = 50;
	objects = {

/* Begin PBXBuildFile section */
		DB24509225503C1100DC9061 /* AppDelegate.swift in Sources */ = {isa = PBXBuildFile; fileRef = DB24509125503C1100DC9061 /* AppDelegate.swift */; };
		DB24509425503C1100DC9061 /* SceneDelegate.swift in Sources */ = {isa = PBXBuildFile; fileRef = DB24509325503C1100DC9061 /* SceneDelegate.swift */; };
		DB24509625503C1100DC9061 /* ViewController.swift in Sources */ = {isa = PBXBuildFile; fileRef = DB24509525503C1100DC9061 /* ViewController.swift */; };
		DB24509925503C1100DC9061 /* Main.storyboard in Resources */ = {isa = PBXBuildFile; fileRef = DB24509725503C1100DC9061 /* Main.storyboard */; };
		DB24509C25503C1100DC9061 /* pw_coredata.xcdatamodeld in Sources */ = {isa = PBXBuildFile; fileRef = DB24509A25503C1100DC9061 /* pw_coredata.xcdatamodeld */; };
		DB24509E25503C1400DC9061 /* Assets.xcassets in Resources */ = {isa = PBXBuildFile; fileRef = DB24509D25503C1400DC9061 /* Assets.xcassets */; };
		DB2450A125503C1400DC9061 /* LaunchScreen.storyboard in Resources */ = {isa = PBXBuildFile; fileRef = DB24509F25503C1400DC9061 /* LaunchScreen.storyboard */; };
/* End PBXBuildFile section */

/* Begin PBXFileReference section */
		DB24508E25503C1100DC9061 /* pw-coredata.app */ = {isa = PBXFileReference; explicitFileType = wrapper.application; includeInIndex = 0; path = "pw-coredata.app"; sourceTree = BUILT_PRODUCTS_DIR; };
		DB24509125503C1100DC9061 /* AppDelegate.swift */ = {isa = PBXFileReference; lastKnownFileType = sourcecode.swift; path = AppDelegate.swift; sourceTree = "<group>"; };
		DB24509325503C1100DC9061 /* SceneDelegate.swift */ = {isa = PBXFileReference; lastKnownFileType = sourcecode.swift; path = SceneDelegate.swift; sourceTree = "<group>"; };
		DB24509525503C1100DC9061 /* ViewController.swift */ = {isa = PBXFileReference; lastKnownFileType = sourcecode.swift; path = ViewController.swift; sourceTree = "<group>"; };
		DB24509825503C1100DC9061 /* Base */ = {isa = PBXFileReference; lastKnownFileType = file.storyboard; name = Base; path = Base.lproj/Main.storyboard; sourceTree = "<group>"; };
		DB24509B25503C1100DC9061 /* pw_coredata.xcdatamodel */ = {isa = PBXFileReference; lastKnownFileType = wrapper.xcdatamodel; path = pw_coredata.xcdatamodel; sourceTree = "<group>"; };
		DB24509D25503C1400DC9061 /* Assets.xcassets */ = {isa = PBXFileReference; lastKnownFileType = folder.assetcatalog; path = Assets.xcassets; sourceTree = "<group>"; };
		DB2450A025503C1400DC9061 /* Base */ = {isa = PBXFileReference; lastKnownFileType = file.storyboard; name = Base; path = Base.lproj/LaunchScreen.storyboard; sourceTree = "<group>"; };
		DB2450A225503C1400DC9061 /* Info.plist */ = {isa = PBXFileReference; lastKnownFileType = text.plist.xml; path = Info.plist; sourceTree = "<group>"; };
/* End PBXFileReference section */

/* Begin PBXFrameworksBuildPhase section */
		DB24508B25503C1100DC9061 /* Frameworks */ = {
			isa = PBXFrameworksBuildPhase;
			buildActionMask = 2147483647;
			files = (
			);
			runOnlyForDeploymentPostprocessing = 0;
		};
/* End PBXFrameworksBuildPhase section */

/* Begin PBXGroup section */
		DB24508525503C1100DC9061 = {
			isa = PBXGroup;
			children = (
				DB24509025503C1100DC9061 /* pw-coredata */,
				DB24508F25503C1100DC9061 /* Products */,
			);
			sourceTree = "<group>";
		};
		DB24508F25503C1100DC9061 /* Products */ = {
			isa = PBXGroup;
			children = (
				DB24508E25503C1100DC9061 /* pw-coredata.app */,
			);
			name = Products;
			sourceTree = "<group>";
		};
		DB24509025503C1100DC9061 /* pw-coredata */ = {
			isa = PBXGroup;
			children = (
				DB24509125503C1100DC9061 /* AppDelegate.swift */,
				DB24509325503C1100DC9061 /* SceneDelegate.swift */,
				DB24509525503C1100DC9061 /* ViewController.swift */,
				DB24509725503C1100DC9061 /* Main.storyboard */,
				DB24509D25503C1400DC9061 /* Assets.xcassets */,
				DB24509F25503C1400DC9061 /* LaunchScreen.storyboard */,
				DB2450A225503C1400DC9061 /* Info.plist */,
				DB24509A25503C1100DC9061 /* pw_coredata.xcdatamodeld */,
			);
			path = "pw-coredata";
			sourceTree = "<group>";
		};
/* End PBXGroup section */

/* Begin PBXNativeTarget section */
		DB24508D25503C1100DC9061 /* pw-coredata */ = {
			isa = PBXNativeTarget;
			buildConfigurationList = DB2450A525503C1400DC9061 /* Build configuration list for PBXNativeTarget "pw-coredata" */;
			buildPhases = (
				DB24508A25503C1100DC9061 /* Sources */,
				DB24508B25503C1100DC9061 /* Frameworks */,
				DB24508C25503C1100DC9061 /* Resources */,
			);
			buildRules = (
			);
			dependencies = (
			);
			name = "pw-coredata";
			productName = "pw-coredata";
			productReference = DB24508E25503C1100DC9061 /* pw-coredata.app */;
			productType = "com.apple.product-type.application";
		};
/* End PBXNativeTarget section */

/* Begin PBXProject section */
		DB24508625503C1100DC9061 /* Project object */ = {
			isa = PBXProject;
			attributes = {
				LastSwiftUpdateCheck = 1210;
				LastUpgradeCheck = 1210;
				TargetAttributes = {
					DB24508D25503C1100DC9061 = {
						CreatedOnToolsVersion = 12.1;
					};
				};
			};
			buildConfigurationList = DB24508925503C1100DC9061 /* Build configuration list for PBXProject "pw-coredata" */;
			compatibilityVersion = "Xcode 9.3";
			developmentRegion = en;
			hasScannedForEncodings = 0;
			knownRegions = (
				en,
				Base,
			);
			mainGroup = DB24508525503C1100DC9061;
			productRefGroup = DB24508F25503C1100DC9061 /* Products */;
			projectDirPath = "";
			projectRoot = "";
			targets = (
				DB24508D25503C1100DC9061 /* pw-coredata */,
			);
		};
/* End PBXProject section */

/* Begin PBXResourcesBuildPhase section */
		DB24508C25503C1100DC9061 /* Resources */ = {
			isa = PBXResourcesBuildPhase;
			buildActionMask = 2147483647;
			files = (
				DB2450A125503C1400DC9061 /* LaunchScreen.storyboard in Resources */,
				DB24509E25503C1400DC9061 /* Assets.xcassets in Resources */,
				DB24509925503C1100DC9061 /* Main.storyboard in Resources */,
			);
			runOnlyForDeploymentPostprocessing = 0;
		};
/* End PBXResourcesBuildPhase section */

/* Begin PBXSourcesBuildPhase section */
		DB24508A25503C1100DC9061 /* Sources */ = {
			isa = PBXSourcesBuildPhase;
			buildActionMask = 2147483647;
			files = (
				DB24509625503C1100DC9061 /* ViewController.swift in Sources */,
				DB24509C25503C1100DC9061 /* pw_coredata.xcdatamodeld in Sources */,
				DB24509225503C1100DC9061 /* AppDelegate.swift in Sources */,
				DB24509425503C1100DC9061 /* SceneDelegate.swift in Sources */,
			);
			runOnlyForDeploymentPostprocessing = 0;
		};
/* End PBXSourcesBuildPhase section */

/* Begin PBXVariantGroup section */
		DB24509725503C1100DC9061 /* Main.storyboard */ = {
			isa = PBXVariantGroup;
			children = (
				DB24509825503C1100DC9061 /* Base */,
			);
			name = Main.storyboard;
			sourceTree = "<group>";
		};
		DB24509F25503C1400DC9061 /* LaunchScreen.storyboard */ = {
			isa = PBXVariantGroup;
			children = (
				DB2450A025503C1400DC9061 /* Base */,
			);
			name = LaunchScreen.storyboard;
			sourceTree = "<group>";
		};
/* End PBXVariantGroup section */

/* Begin XCBuildConfiguration section */
		DB2450A325503C1400DC9061 /* Debug */ = {
			isa = XCBuildConfiguration;
			buildSettings = {
				ALWAYS_SEARCH_USER_PATHS = NO;
				CLANG_ANALYZER_NONNULL = YES;
				CLANG_ANALYZER_NUMBER_OBJECT_CONVERSION = YES_AGGRESSIVE;
				CLANG_CXX_LANGUAGE_STANDARD = "gnu++14";
				CLANG_CXX_LIBRARY = "libc++";
				CLANG_ENABLE_MODULES = YES;
				CLANG_ENABLE_OBJC_ARC = YES;
				CLANG_ENABLE_OBJC_WEAK = YES;
				CLANG_WARN_BLOCK_CAPTURE_AUTORELEASING = YES;
				CLANG_WARN_BOOL_CONVERSION = YES;
				CLANG_WARN_COMMA = YES;
				CLANG_WARN_CONSTANT_CONVERSION = YES;
				CLANG_WARN_DEPRECATED_OBJC_IMPLEMENTATIONS = YES;
				CLANG_WARN_DIRECT_OBJC_ISA_USAGE = YES_ERROR;
				CLANG_WARN_DOCUMENTATION_COMMENTS = YES;
				CLANG_WARN_EMPTY_BODY = YES;
				CLANG_WARN_ENUM_CONVERSION = YES;
				CLANG_WARN_INFINITE_RECURSION = YES;
				CLANG_WARN_INT_CONVERSION = YES;
				CLANG_WARN_NON_LITERAL_NULL_CONVERSION = YES;
				CLANG_WARN_OBJC_IMPLICIT_RETAIN_SELF = YES;
				CLANG_WARN_OBJC_LITERAL_CONVERSION = YES;
				CLANG_WARN_OBJC_ROOT_CLASS = YES_ERROR;
				CLANG_WARN_QUOTED_INCLUDE_IN_FRAMEWORK_HEADER = YES;
				CLANG_WARN_RANGE_LOOP_ANALYSIS = YES;
				CLANG_WARN_STRICT_PROTOTYPES = YES;
				CLANG_WARN_SUSPICIOUS_MOVE = YES;
				CLANG_WARN_UNGUARDED_AVAILABILITY = YES_AGGRESSIVE;
				CLANG_WARN_UNREACHABLE_CODE = YES;
				CLANG_WARN__DUPLICATE_METHOD_MATCH = YES;
				COPY_PHASE_STRIP = NO;
				DEBUG_INFORMATION_FORMAT = dwarf;
				ENABLE_STRICT_OBJC_MSGSEND = YES;
				ENABLE_TESTABILITY = YES;
				GCC_C_LANGUAGE_STANDARD = gnu11;
				GCC_DYNAMIC_NO_PIC = NO;
				GCC_NO_COMMON_BLOCKS = YES;
				GCC_OPTIMIZATION_LEVEL = 0;
				GCC_PREPROCESSOR_DEFINITIONS = (
					"DEBUG=1",
					"$(inherited)",
				);
				GCC_WARN_64_TO_32_BIT_CONVERSION = YES;
				GCC_WARN_ABOUT_RETURN_TYPE = YES_ERROR;
				GCC_WARN_UNDECLARED_SELECTOR = YES;
				GCC_WARN_UNINITIALIZED_AUTOS = YES_AGGRESSIVE;
				GCC_WARN_UNUSED_FUNCTION = YES;
				GCC_WARN_UNUSED_VARIABLE = YES;
				IPHONEOS_DEPLOYMENT_TARGET = 14.1;
				MTL_ENABLE_DEBUG_INFO = INCLUDE_SOURCE;
				MTL_FAST_MATH = YES;
				ONLY_ACTIVE_ARCH = YES;
				SDKROOT = iphoneos;
				SWIFT_ACTIVE_COMPILATION_CONDITIONS = DEBUG;
				SWIFT_OPTIMIZATION_LEVEL = "-Onone";
			};
			name = Debug;
		};
		DB2450A425503C1400DC9061 /* Release */ = {
			isa = XCBuildConfiguration;
			buildSettings = {
				ALWAYS_SEARCH_USER_PATHS = NO;
				CLANG_ANALYZER_NONNULL = YES;
				CLANG_ANALYZER_NUMBER_OBJECT_CONVERSION = YES_AGGRESSIVE;
				CLANG_CXX_LANGUAGE_STANDARD = "gnu++14";
				CLANG_CXX_LIBRARY = "libc++";
				CLANG_ENABLE_MODULES = YES;
				CLANG_ENABLE_OBJC_ARC = YES;
				CLANG_ENABLE_OBJC_WEAK = YES;
				CLANG_WARN_BLOCK_CAPTURE_AUTORELEASING = YES;
				CLANG_WARN_BOOL_CONVERSION = YES;
				CLANG_WARN_COMMA = YES;
				CLANG_WARN_CONSTANT_CONVERSION = YES;
				CLANG_WARN_DEPRECATED_OBJC_IMPLEMENTATIONS = YES;
				CLANG_WARN_DIRECT_OBJC_ISA_USAGE = YES_ERROR;
				CLANG_WARN_DOCUMENTATION_COMMENTS = YES;
				CLANG_WARN_EMPTY_BODY = YES;
				CLANG_WARN_ENUM_CONVERSION = YES;
				CLANG_WARN_INFINITE_RECURSION = YES;
				CLANG_WARN_INT_CONVERSION = YES;
				CLANG_WARN_NON_LITERAL_NULL_CONVERSION = YES;
				CLANG_WARN_OBJC_IMPLICIT_RETAIN_SELF = YES;
				CLANG_WARN_OBJC_LITERAL_CONVERSION = YES;
				CLANG_WARN_OBJC_ROOT_CLASS = YES_ERROR;
				CLANG_WARN_QUOTED_INCLUDE_IN_FRAMEWORK_HEADER = YES;
				CLANG_WARN_RANGE_LOOP_ANALYSIS = YES;
				CLANG_WARN_STRICT_PROTOTYPES = YES;
				CLANG_WARN_SUSPICIOUS_MOVE = YES;
				CLANG_WARN_UNGUARDED_AVAILABILITY = YES_AGGRESSIVE;
				CLANG_WARN_UNREACHABLE_CODE = YES;
				CLANG_WARN__DUPLICATE_METHOD_MATCH = YES;
				COPY_PHASE_STRIP = NO;
				DEBUG_INFORMATION_FORMAT = "dwarf-with-dsym";
				ENABLE_NS_ASSERTIONS = NO;
				ENABLE_STRICT_OBJC_MSGSEND = YES;
				GCC_C_LANGUAGE_STANDARD = gnu11;
				GCC_NO_COMMON_BLOCKS = YES;
				GCC_WARN_64_TO_32_BIT_CONVERSION = YES;
				GCC_WARN_ABOUT_RETURN_TYPE = YES_ERROR;
				GCC_WARN_UNDECLARED_SELECTOR = YES;
				GCC_WARN_UNINITIALIZED_AUTOS = YES_AGGRESSIVE;
				GCC_WARN_UNUSED_FUNCTION = YES;
				GCC_WARN_UNUSED_VARIABLE = YES;
				IPHONEOS_DEPLOYMENT_TARGET = 14.1;
				MTL_ENABLE_DEBUG_INFO = NO;
				MTL_FAST_MATH = YES;
				SDKROOT = iphoneos;
				SWIFT_COMPILATION_MODE = wholemodule;
				SWIFT_OPTIMIZATION_LEVEL = "-O";
				VALIDATE_PRODUCT = YES;
			};
			name = Release;
		};
		DB2450A625503C1400DC9061 /* Debug */ = {
			isa = XCBuildConfiguration;
			buildSettings = {
				ASSETCATALOG_COMPILER_APPICON_NAME = AppIcon;
				ASSETCATALOG_COMPILER_GLOBAL_ACCENT_COLOR_NAME = AccentColor;
				CODE_SIGN_STYLE = Automatic;
				DEVELOPMENT_TEAM = E8VNZ48Y42;
				INFOPLIST_FILE = "pw-coredata/Info.plist";
				LD_RUNPATH_SEARCH_PATHS = (
					"$(inherited)",
					"@executable_path/Frameworks",
				);
				PRODUCT_BUNDLE_IDENTIFIER = "com.daimler.pw-coredata";
				PRODUCT_NAME = "$(TARGET_NAME)";
				SWIFT_VERSION = 5.0;
				TARGETED_DEVICE_FAMILY = "1,2";
			};
			name = Debug;
		};
		DB2450A725503C1400DC9061 /* Release */ = {
			isa = XCBuildConfiguration;
			buildSettings = {
				ASSETCATALOG_COMPILER_APPICON_NAME = AppIcon;
				ASSETCATALOG_COMPILER_GLOBAL_ACCENT_COLOR_NAME = AccentColor;
				CODE_SIGN_STYLE = Automatic;
				DEVELOPMENT_TEAM = E8VNZ48Y42;
				INFOPLIST_FILE = "pw-coredata/Info.plist";
				LD_RUNPATH_SEARCH_PATHS = (
					"$(inherited)",
					"@executable_path/Frameworks",
				);
				PRODUCT_BUNDLE_IDENTIFIER = "com.daimler.pw-coredata";
				PRODUCT_NAME = "$(TARGET_NAME)";
				SWIFT_VERSION = 5.0;
				TARGETED_DEVICE_FAMILY = "1,2";
			};
			name = Release;
		};
/* End XCBuildConfiguration section */

/* Begin XCConfigurationList section */
		DB24508925503C1100DC9061 /* Build configuration list for PBXProject "pw-coredata" */ = {
			isa = XCConfigurationList;
			buildConfigurations = (
				DB2450A325503C1400DC9061 /* Debug */,
				DB2450A425503C1400DC9061 /* Release */,
			);
			defaultConfigurationIsVisible = 0;
			defaultConfigurationName = Release;
		};
		DB2450A525503C1400DC9061 /* Build configuration list for PBXNativeTarget "pw-coredata" */ = {
			isa = XCConfigurationList;
			buildConfigurations = (
				DB2450A625503C1400DC9061 /* Debug */,
				DB2450A725503C1400DC9061 /* Release */,
			);
			defaultConfigurationIsVisible = 0;
			defaultConfigurationName = Release;
		};
/* End XCConfigurationList section */

/* Begin XCVersionGroup section */
		DB24509A25503C1100DC9061 /* pw_coredata.xcdatamodeld */ = {
			isa = XCVersionGroup;
			children = (
				DB24509B25503C1100DC9061 /* pw_coredata.xcdatamodel */,
			);
			currentVersion = DB24509B25503C1100DC9061 /* pw_coredata.xcdatamodel */;
			path = pw_coredata.xcdatamodeld;
			sourceTree = "<group>";
			versionGroupType = wrapper.xcdatamodel;
		};
/* End XCVersionGroup section */
	};
	rootObject = DB24508625503C1100DC9061 /* Project object */;
}
